
Microsoft Visual Studio Solution File, Format Version 12.00
# Visual Studio Version 17
VisualStudioVersion = 17.13.35931.197 d17.13
MinimumVisualStudioVersion = 10.0.40219.1
Project("{FAE04EC0-301F-11D3-BF4B-00C04F79EFBC}") = "HybridHearth", "HybridHearth\HybridHearth\HybridHearth.csproj", "{84ABF027-93CD-43A6-8B32-8298A909681F}"
EndProject
Project("{FAE04EC0-301F-11D3-BF4B-00C04F79EFBC}") = "HybridHearth.Shared", "HybridHearth\HybridHearth.Shared\HybridHearth.Shared.csproj", "{EF363A69-9F02-49B1-92B2-8EDF647DC616}"
EndProject
Project("{FAE04EC0-301F-11D3-BF4B-00C04F79EFBC}") = "HybridHearth.Web", "HybridHearth\HybridHearth.Web\HybridHearth.Web.csproj", "{6D245CE7-B87E-42F0-9E62-BED8FF453321}"
EndProject
Project("{FAE04EC0-301F-11D3-BF4B-00C04F79EFBC}") = "HybridHearth.Web.Client", "HybridHearth\HybridHearth.Web.Client\HybridHearth.Web.Client.csproj", "{ED473E04-F9AE-4629-8C12-3B0BEC219741}"
EndProject
Global
	GlobalSection(SolutionConfigurationPlatforms) = preSolution
		Debug|Any CPU = Debug|Any CPU
		Release|Any CPU = Release|Any CPU
	EndGlobalSection
	GlobalSection(ProjectConfigurationPlatforms) = postSolution
		{84ABF027-93CD-43A6-8B32-8298A909681F}.Debug|Any CPU.ActiveCfg = Debug|Any CPU
		{84ABF027-93CD-43A6-8B32-8298A909681F}.Debug|Any CPU.Build.0 = Debug|Any CPU
		{84ABF027-93CD-43A6-8B32-8298A909681F}.Release|Any CPU.ActiveCfg = Release|Any CPU
		{84ABF027-93CD-43A6-8B32-8298A909681F}.Release|Any CPU.Build.0 = Release|Any CPU
		{EF363A69-9F02-49B1-92B2-8EDF647DC616}.Debug|Any CPU.ActiveCfg = Debug|Any CPU
		{EF363A69-9F02-49B1-92B2-8EDF647DC616}.Debug|Any CPU.Build.0 = Debug|Any CPU
		{EF363A69-9F02-49B1-92B2-8EDF647DC616}.Release|Any CPU.ActiveCfg = Release|Any CPU
		{EF363A69-9F02-49B1-92B2-8EDF647DC616}.Release|Any CPU.Build.0 = Release|Any CPU
		{6D245CE7-B87E-42F0-9E62-BED8FF453321}.Debug|Any CPU.ActiveCfg = Debug|Any CPU
		{6D245CE7-B87E-42F0-9E62-BED8FF453321}.Debug|Any CPU.Build.0 = Debug|Any CPU
		{6D245CE7-B87E-42F0-9E62-BED8FF453321}.Release|Any CPU.ActiveCfg = Release|Any CPU
		{6D245CE7-B87E-42F0-9E62-BED8FF453321}.Release|Any CPU.Build.0 = Release|Any CPU
		{ED473E04-F9AE-4629-8C12-3B0BEC219741}.Debug|Any CPU.ActiveCfg = Debug|Any CPU
		{ED473E04-F9AE-4629-8C12-3B0BEC219741}.Debug|Any CPU.Build.0 = Debug|Any CPU
		{ED473E04-F9AE-4629-8C12-3B0BEC219741}.Release|Any CPU.ActiveCfg = Release|Any CPU
		{ED473E04-F9AE-4629-8C12-3B0BEC219741}.Release|Any CPU.Build.0 = Release|Any CPU
	EndGlobalSection
	GlobalSection(SolutionProperties) = preSolution
		HideSolutionNode = FALSE
	EndGlobalSection
	GlobalSection(ExtensibilityGlobals) = postSolution
		SolutionGuid = {F5754CE1-FC6D-41BE-872C-E4EAA48E106E}
	EndGlobalSection
EndGlobal
